// !$*UTF8*$!
{
	archiveVersion = 1;
	classes = {
	};
	objectVersion = 46;
	objects = {

/* Begin PBXBuildFile section */
		3B652D301C6CF101004280C8 /* AppDelegate.swift in Sources */ = {isa = PBXBuildFile; fileRef = 3B652D2F1C6CF101004280C8 /* AppDelegate.swift */; };
		3B652D321C6CF101004280C8 /* MasterViewController.swift in Sources */ = {isa = PBXBuildFile; fileRef = 3B652D311C6CF101004280C8 /* MasterViewController.swift */; };
		3B652D341C6CF101004280C8 /* DetailViewController.swift in Sources */ = {isa = PBXBuildFile; fileRef = 3B652D331C6CF101004280C8 /* DetailViewController.swift */; };
		3B652D371C6CF101004280C8 /* Main.storyboard in Resources */ = {isa = PBXBuildFile; fileRef = 3B652D351C6CF101004280C8 /* Main.storyboard */; };
		3B652D391C6CF101004280C8 /* Assets.xcassets in Resources */ = {isa = PBXBuildFile; fileRef = 3B652D381C6CF101004280C8 /* Assets.xcassets */; };
		3B652D3C1C6CF101004280C8 /* LaunchScreen.storyboard in Resources */ = {isa = PBXBuildFile; fileRef = 3B652D3A1C6CF101004280C8 /* LaunchScreen.storyboard */; };
		3B652D441C6CF63E004280C8 /* start.txt in Resources */ = {isa = PBXBuildFile; fileRef = 3B652D431C6CF63E004280C8 /* start.txt */; };
/* End PBXBuildFile section */

/* Begin PBXFileReference section */
		3B652D2C1C6CF101004280C8 /* Project5-JJ.app */ = {isa = PBXFileReference; explicitFileType = wrapper.application; includeInIndex = 0; path = "Project5-JJ.app"; sourceTree = BUILT_PRODUCTS_DIR; };
		3B652D2F1C6CF101004280C8 /* AppDelegate.swift */ = {isa = PBXFileReference; lastKnownFileType = sourcecode.swift; path = AppDelegate.swift; sourceTree = "<group>"; };
		3B652D311C6CF101004280C8 /* MasterViewController.swift */ = {isa = PBXFileReference; lastKnownFileType = sourcecode.swift; path = MasterViewController.swift; sourceTree = "<group>"; };
		3B652D331C6CF101004280C8 /* DetailViewController.swift */ = {isa = PBXFileReference; lastKnownFileType = sourcecode.swift; path = DetailViewController.swift; sourceTree = "<group>"; };
		3B652D361C6CF101004280C8 /* Base */ = {isa = PBXFileReference; lastKnownFileType = file.storyboard; name = Base; path = Base.lproj/Main.storyboard; sourceTree = "<group>"; };
		3B652D381C6CF101004280C8 /* Assets.xcassets */ = {isa = PBXFileReference; lastKnownFileType = folder.assetcatalog; path = Assets.xcassets; sourceTree = "<group>"; };
		3B652D3B1C6CF101004280C8 /* Base */ = {isa = PBXFileReference; lastKnownFileType = file.storyboard; name = Base; path = Base.lproj/LaunchScreen.storyboard; sourceTree = "<group>"; };
		3B652D3D1C6CF101004280C8 /* Info.plist */ = {isa = PBXFileReference; lastKnownFileType = text.plist.xml; path = Info.plist; sourceTree = "<group>"; };
		3B652D431C6CF63E004280C8 /* start.txt */ = {isa = PBXFileReference; fileEncoding = 4; lastKnownFileType = text; path = start.txt; sourceTree = "<group>"; };
/* End PBXFileReference section */

/* Begin PBXFrameworksBuildPhase section */
		3B652D291C6CF101004280C8 /* Frameworks */ = {
			isa = PBXFrameworksBuildPhase;
			buildActionMask = 2147483647;
			files = (
			);
			runOnlyForDeploymentPostprocessing = 0;
		};
/* End PBXFrameworksBuildPhase section */

/* Begin PBXGroup section */
		3B652D231C6CF101004280C8 = {
			isa = PBXGroup;
			children = (
				3B652D2E1C6CF101004280C8 /* Project5-JJ */,
				3B652D2D1C6CF101004280C8 /* Products */,
			);
			sourceTree = "<group>";
		};
		3B652D2D1C6CF101004280C8 /* Products */ = {
			isa = PBXGroup;
			children = (
				3B652D2C1C6CF101004280C8 /* Project5-JJ.app */,
			);
			name = Products;
			sourceTree = "<group>";
		};
		3B652D2E1C6CF101004280C8 /* Project5-JJ */ = {
			isa = PBXGroup;
			children = (
				3B652D431C6CF63E004280C8 /* start.txt */,
				3B652D2F1C6CF101004280C8 /* AppDelegate.swift */,
				3B652D311C6CF101004280C8 /* MasterViewController.swift */,
				3B652D331C6CF101004280C8 /* DetailViewController.swift */,
				3B652D351C6CF101004280C8 /* Main.storyboard */,
				3B652D381C6CF101004280C8 /* Assets.xcassets */,
				3B652D3A1C6CF101004280C8 /* LaunchScreen.storyboard */,
				3B652D3D1C6CF101004280C8 /* Info.plist */,
			);
			path = "Project5-JJ";
			sourceTree = "<group>";
		};
/* End PBXGroup section */

/* Begin PBXNativeTarget section */
		3B652D2B1C6CF101004280C8 /* Project5-JJ */ = {
			isa = PBXNativeTarget;
			buildConfigurationList = 3B652D401C6CF101004280C8 /* Build configuration list for PBXNativeTarget "Project5-JJ" */;
			buildPhases = (
				3B652D281C6CF101004280C8 /* Sources */,
				3B652D291C6CF101004280C8 /* Frameworks */,
				3B652D2A1C6CF101004280C8 /* Resources */,
			);
			buildRules = (
			);
			dependencies = (
			);
			name = "Project5-JJ";
			productName = "Project5-JJ";
			productReference = 3B652D2C1C6CF101004280C8 /* Project5-JJ.app */;
			productType = "com.apple.product-type.application";
		};
/* End PBXNativeTarget section */

/* Begin PBXProject section */
		3B652D241C6CF101004280C8 /* Project object */ = {
			isa = PBXProject;
			attributes = {
				LastSwiftUpdateCheck = 0720;
				LastUpgradeCheck = 0720;
				ORGANIZATIONNAME = rocoSoft;
				TargetAttributes = {
					3B652D2B1C6CF101004280C8 = {
						CreatedOnToolsVersion = 7.2;
					};
				};
			};
			buildConfigurationList = 3B652D271C6CF101004280C8 /* Build configuration list for PBXProject "Project5-JJ" */;
			compatibilityVersion = "Xcode 3.2";
			developmentRegion = English;
			hasScannedForEncodings = 0;
			knownRegions = (
				en,
				Base,
			);
			mainGroup = 3B652D231C6CF101004280C8;
			productRefGroup = 3B652D2D1C6CF101004280C8 /* Products */;
			projectDirPath = "";
			projectRoot = "";
			targets = (
				3B652D2B1C6CF101004280C8 /* Project5-JJ */,
			);
		};
/* End PBXProject section */

/* Begin PBXResourcesBuildPhase section */
		3B652D2A1C6CF101004280C8 /* Resources */ = {
			isa = PBXResourcesBuildPhase;
			buildActionMask = 2147483647;
			files = (
				3B652D3C1C6CF101004280C8 /* LaunchScreen.storyboard in Resources */,
				3B652D441C6CF63E004280C8 /* start.txt in Resources */,
				3B652D391C6CF101004280C8 /* Assets.xcassets in Resources */,
				3B652D371C6CF101004280C8 /* Main.storyboard in Resources */,
			);
			runOnlyForDeploymentPostprocessing = 0;
		};
/* End PBXResourcesBuildPhase section */

/* Begin PBXSourcesBuildPhase section */
		3B652D281C6CF101004280C8 /* Sources */ = {
			isa = PBXSourcesBuildPhase;
			buildActionMask = 2147483647;
			files = (
				3B652D341C6CF101004280C8 /* DetailViewController.swift in Sources */,
				3B652D321C6CF101004280C8 /* MasterViewController.swift in Sources */,
				3B652D301C6CF101004280C8 /* AppDelegate.swift in Sources */,
			);
			runOnlyForDeploymentPostprocessing = 0;
		};
/* End PBXSourcesBuildPhase section */

/* Begin PBXVariantGroup section */
		3B652D351C6CF101004280C8 /* Main.storyboard */ = {
			isa = PBXVariantGroup;
			children = (
				3B652D361C6CF101004280C8 /* Base */,
			);
			name = Main.storyboard;
			sourceTree = "<group>";
		};
		3B652D3A1C6CF101004280C8 /* LaunchScreen.storyboard */ = {
			isa = PBXVariantGroup;
			children = (
				3B652D3B1C6CF101004280C8 /* Base */,
			);
			name = LaunchScreen.storyboard;
			sourceTree = "<group>";
		};
/* End PBXVariantGroup section */

/* Begin XCBuildConfiguration section */
		3B652D3E1C6CF101004280C8 /* Debug */ = {
			isa = XCBuildConfiguration;
			buildSettings = {
				ALWAYS_SEARCH_USER_PATHS = NO;
				CLANG_CXX_LANGUAGE_STANDARD = "gnu++0x";
				CLANG_CXX_LIBRARY = "libc++";
				CLANG_ENABLE_MODULES = YES;
				CLANG_ENABLE_OBJC_ARC = YES;
				CLANG_WARN_BOOL_CONVERSION = YES;
				CLANG_WARN_CONSTANT_CONVERSION = YES;
				CLANG_WARN_DIRECT_OBJC_ISA_USAGE = YES_ERROR;
				CLANG_WARN_EMPTY_BODY = YES;
				CLANG_WARN_ENUM_CONVERSION = YES;
				CLANG_WARN_INT_CONVERSION = YES;
				CLANG_WARN_OBJC_ROOT_CLASS = YES_ERROR;
				CLANG_WARN_UNREACHABLE_CODE = YES;
				CLANG_WARN__DUPLICATE_METHOD_MATCH = YES;
				"CODE_SIGN_IDENTITY[sdk=iphoneos*]" = "iPhone Developer";
				COPY_PHASE_STRIP = NO;
				DEBUG_INFORMATION_FORMAT = dwarf;
				ENABLE_STRICT_OBJC_MSGSEND = YES;
				ENABLE_TESTABILITY = YES;
				GCC_C_LANGUAGE_STANDARD = gnu99;
				GCC_DYNAMIC_NO_PIC = NO;
				GCC_NO_COMMON_BLOCKS = YES;
				GCC_OPTIMIZATION_LEVEL = 0;
				GCC_PREPROCESSOR_DEFINITIONS = (
					"DEBUG=1",
					"$(inherited)",
				);
				GCC_WARN_64_TO_32_BIT_CONVERSION = YES;
				GCC_WARN_ABOUT_RETURN_TYPE = YES_ERROR;
				GCC_WARN_UNDECLARED_SELECTOR = YES;
				GCC_WARN_UNINITIALIZED_AUTOS = YES_AGGRESSIVE;
				GCC_WARN_UNUSED_FUNCTION = YES;
				GCC_WARN_UNUSED_VARIABLE = YES;
				IPHONEOS_DEPLOYMENT_TARGET = 9.2;
				MTL_ENABLE_DEBUG_INFO = YES;
				ONLY_ACTIVE_ARCH = YES;
				SDKROOT = iphoneos;
				SWIFT_OPTIMIZATION_LEVEL = "-Onone";
			};
			name = Debug;
		};
		3B652D3F1C6CF101004280C8 /* Release */ = {
			isa = XCBuildConfiguration;
			buildSettings = {
				ALWAYS_SEARCH_USER_PATHS = NO;
				CLANG_CXX_LANGUAGE_STANDARD = "gnu++0x";
				CLANG_CXX_LIBRARY = "libc++";
				CLANG_ENABLE_MODULES = YES;
				CLANG_ENABLE_OBJC_ARC = YES;
				CLANG_WARN_BOOL_CONVERSION = YES;
				CLANG_WARN_CONSTANT_CONVERSION = YES;
				CLANG_WARN_DIRECT_OBJC_ISA_USAGE = YES_ERROR;
				CLANG_WARN_EMPTY_BODY = YES;
				CLANG_WARN_ENUM_CONVERSION = YES;
				CLANG_WARN_INT_CONVERSION = YES;
				CLANG_WARN_OBJC_ROOT_CLASS = YES_ERROR;
				CLANG_WARN_UNREACHABLE_CODE = YES;
				CLANG_WARN__DUPLICATE_METHOD_MATCH = YES;
				"CODE_SIGN_IDENTITY[sdk=iphoneos*]" = "iPhone Developer";
				COPY_PHASE_STRIP = NO;
				DEBUG_INFORMATION_FORMAT = "dwarf-with-dsym";
				ENABLE_NS_ASSERTIONS = NO;
				ENABLE_STRICT_OBJC_MSGSEND = YES;
				GCC_C_LANGUAGE_STANDARD = gnu99;
				GCC_NO_COMMON_BLOCKS = YES;
				GCC_WARN_64_TO_32_BIT_CONVERSION = YES;
				GCC_WARN_ABOUT_RETURN_TYPE = YES_ERROR;
				GCC_WARN_UNDECLARED_SELECTOR = YES;
				GCC_WARN_UNINITIALIZED_AUTOS = YES_AGGRESSIVE;
				GCC_WARN_UNUSED_FUNCTION = YES;
				GCC_WARN_UNUSED_VARIABLE = YES;
				IPHONEOS_DEPLOYMENT_TARGET = 9.2;
				MTL_ENABLE_DEBUG_INFO = NO;
				SDKROOT = iphoneos;
				VALIDATE_PRODUCT = YES;
			};
			name = Release;
		};
		3B652D411C6CF101004280C8 /* Debug */ = {
			isa = XCBuildConfiguration;
			buildSettings = {
				ASSETCATALOG_COMPILER_APPICON_NAME = AppIcon;
				INFOPLIST_FILE = "Project5-JJ/Info.plist";
				LD_RUNPATH_SEARCH_PATHS = "$(inherited) @executable_path/Frameworks";
				PRODUCT_BUNDLE_IDENTIFIER = "com.rocoSoft.Project5-JJ";
				PRODUCT_NAME = "$(TARGET_NAME)";
			};
			name = Debug;
		};
		3B652D421C6CF101004280C8 /* Release */ = {
			isa = XCBuildConfiguration;
			buildSettings = {
				ASSETCATALOG_COMPILER_APPICON_NAME = AppIcon;
				INFOPLIST_FILE = "Project5-JJ/Info.plist";
				LD_RUNPATH_SEARCH_PATHS = "$(inherited) @executable_path/Frameworks";
				PRODUCT_BUNDLE_IDENTIFIER = "com.rocoSoft.Project5-JJ";
				PRODUCT_NAME = "$(TARGET_NAME)";
			};
			name = Release;
		};
/* End XCBuildConfiguration section */

/* Begin XCConfigurationList section */
		3B652D271C6CF101004280C8 /* Build configuration list for PBXProject "Project5-JJ" */ = {
			isa = XCConfigurationList;
			buildConfigurations = (
				3B652D3E1C6CF101004280C8 /* Debug */,
				3B652D3F1C6CF101004280C8 /* Release */,
			);
			defaultConfigurationIsVisible = 0;
			defaultConfigurationName = Release;
		};
		3B652D401C6CF101004280C8 /* Build configuration list for PBXNativeTarget "Project5-JJ" */ = {
			isa = XCConfigurationList;
			buildConfigurations = (
				3B652D411C6CF101004280C8 /* Debug */,
				3B652D421C6CF101004280C8 /* Release */,
			);
			defaultConfigurationIsVisible = 0;
		};
/* End XCConfigurationList section */
	};
	rootObject = 3B652D241C6CF101004280C8 /* Project object */;
}
