// !$*UTF8*$!
{
	archiveVersion = 1;
	classes = {
	};
	objectVersion = 48;
	objects = {

/* Begin PBXBuildFile section */
		3B0BEC431F87F09900864F5D /* AppDelegate.swift in Sources */ = {isa = PBXBuildFile; fileRef = 3B0BEC421F87F09900864F5D /* AppDelegate.swift */; };
		3B0BEC451F87F09900864F5D /* ViewController.swift in Sources */ = {isa = PBXBuildFile; fileRef = 3B0BEC441F87F09900864F5D /* ViewController.swift */; };
		3B0BEC481F87F09900864F5D /* Main.storyboard in Resources */ = {isa = PBXBuildFile; fileRef = 3B0BEC461F87F09900864F5D /* Main.storyboard */; };
		3B0BEC4A1F87F09900864F5D /* Assets.xcassets in Resources */ = {isa = PBXBuildFile; fileRef = 3B0BEC491F87F09900864F5D /* Assets.xcassets */; };
		3B0BEC4D1F87F09900864F5D /* LaunchScreen.storyboard in Resources */ = {isa = PBXBuildFile; fileRef = 3B0BEC4B1F87F09900864F5D /* LaunchScreen.storyboard */; };
		3B0BEC571F87F2BC00864F5D /* Constants.swift in Sources */ = {isa = PBXBuildFile; fileRef = 3B0BEC561F87F2BC00864F5D /* Constants.swift */; };
		3B0BEC5B1F87FC0C00864F5D /* SwiftyJSON.swift in Sources */ = {isa = PBXBuildFile; fileRef = 3B0BEC5A1F87FC0B00864F5D /* SwiftyJSON.swift */; };
		3B0BEC5D1F87FFF500864F5D /* DetailViewController.swift in Sources */ = {isa = PBXBuildFile; fileRef = 3B0BEC5C1F87FFF500864F5D /* DetailViewController.swift */; };
/* End PBXBuildFile section */

/* Begin PBXFileReference section */
		3B0BEC3F1F87F09900864F5D /* Project 7.app */ = {isa = PBXFileReference; explicitFileType = wrapper.application; includeInIndex = 0; path = "Project 7.app"; sourceTree = BUILT_PRODUCTS_DIR; };
		3B0BEC421F87F09900864F5D /* AppDelegate.swift */ = {isa = PBXFileReference; lastKnownFileType = sourcecode.swift; path = AppDelegate.swift; sourceTree = "<group>"; };
		3B0BEC441F87F09900864F5D /* ViewController.swift */ = {isa = PBXFileReference; lastKnownFileType = sourcecode.swift; path = ViewController.swift; sourceTree = "<group>"; };
		3B0BEC471F87F09900864F5D /* Base */ = {isa = PBXFileReference; lastKnownFileType = file.storyboard; name = Base; path = Base.lproj/Main.storyboard; sourceTree = "<group>"; };
		3B0BEC491F87F09900864F5D /* Assets.xcassets */ = {isa = PBXFileReference; lastKnownFileType = folder.assetcatalog; path = Assets.xcassets; sourceTree = "<group>"; };
		3B0BEC4C1F87F09900864F5D /* Base */ = {isa = PBXFileReference; lastKnownFileType = file.storyboard; name = Base; path = Base.lproj/LaunchScreen.storyboard; sourceTree = "<group>"; };
		3B0BEC4E1F87F09900864F5D /* Info.plist */ = {isa = PBXFileReference; lastKnownFileType = text.plist.xml; path = Info.plist; sourceTree = "<group>"; };
		3B0BEC561F87F2BC00864F5D /* Constants.swift */ = {isa = PBXFileReference; lastKnownFileType = sourcecode.swift; path = Constants.swift; sourceTree = "<group>"; };
		3B0BEC5A1F87FC0B00864F5D /* SwiftyJSON.swift */ = {isa = PBXFileReference; lastKnownFileType = sourcecode.swift; name = SwiftyJSON.swift; path = ../../Solutions/project7/Project7/SwiftyJSON.swift; sourceTree = "<group>"; };
		3B0BEC5C1F87FFF500864F5D /* DetailViewController.swift */ = {isa = PBXFileReference; lastKnownFileType = sourcecode.swift; path = DetailViewController.swift; sourceTree = "<group>"; };
/* End PBXFileReference section */

/* Begin PBXFrameworksBuildPhase section */
		3B0BEC3C1F87F09900864F5D /* Frameworks */ = {
			isa = PBXFrameworksBuildPhase;
			buildActionMask = 2147483647;
			files = (
			);
			runOnlyForDeploymentPostprocessing = 0;
		};
/* End PBXFrameworksBuildPhase section */

/* Begin PBXGroup section */
		3B0BEC361F87F09900864F5D = {
			isa = PBXGroup;
			children = (
				3B0BEC411F87F09900864F5D /* Project 7 */,
				3B0BEC401F87F09900864F5D /* Products */,
			);
			sourceTree = "<group>";
		};
		3B0BEC401F87F09900864F5D /* Products */ = {
			isa = PBXGroup;
			children = (
				3B0BEC3F1F87F09900864F5D /* Project 7.app */,
			);
			name = Products;
			sourceTree = "<group>";
		};
		3B0BEC411F87F09900864F5D /* Project 7 */ = {
			isa = PBXGroup;
			children = (
				3B0BEC5A1F87FC0B00864F5D /* SwiftyJSON.swift */,
				3B0BEC421F87F09900864F5D /* AppDelegate.swift */,
				3B0BEC441F87F09900864F5D /* ViewController.swift */,
				3B0BEC5C1F87FFF500864F5D /* DetailViewController.swift */,
				3B0BEC461F87F09900864F5D /* Main.storyboard */,
				3B0BEC491F87F09900864F5D /* Assets.xcassets */,
				3B0BEC4B1F87F09900864F5D /* LaunchScreen.storyboard */,
				3B0BEC4E1F87F09900864F5D /* Info.plist */,
				3B0BEC561F87F2BC00864F5D /* Constants.swift */,
			);
			path = "Project 7";
			sourceTree = "<group>";
		};
/* End PBXGroup section */

/* Begin PBXNativeTarget section */
		3B0BEC3E1F87F09900864F5D /* Project 7 */ = {
			isa = PBXNativeTarget;
			buildConfigurationList = 3B0BEC511F87F09900864F5D /* Build configuration list for PBXNativeTarget "Project 7" */;
			buildPhases = (
				3B0BEC3B1F87F09900864F5D /* Sources */,
				3B0BEC3C1F87F09900864F5D /* Frameworks */,
				3B0BEC3D1F87F09900864F5D /* Resources */,
			);
			buildRules = (
			);
			dependencies = (
			);
			name = "Project 7";
			productName = "Project 7";
			productReference = 3B0BEC3F1F87F09900864F5D /* Project 7.app */;
			productType = "com.apple.product-type.application";
		};
/* End PBXNativeTarget section */

/* Begin PBXProject section */
		3B0BEC371F87F09900864F5D /* Project object */ = {
			isa = PBXProject;
			attributes = {
				LastSwiftUpdateCheck = 0900;
				LastUpgradeCheck = 0900;
				ORGANIZATIONNAME = "Roco Soft";
				TargetAttributes = {
					3B0BEC3E1F87F09900864F5D = {
						CreatedOnToolsVersion = 9.0;
						ProvisioningStyle = Automatic;
					};
				};
			};
			buildConfigurationList = 3B0BEC3A1F87F09900864F5D /* Build configuration list for PBXProject "Project 7" */;
			compatibilityVersion = "Xcode 8.0";
			developmentRegion = en;
			hasScannedForEncodings = 0;
			knownRegions = (
				en,
				Base,
			);
			mainGroup = 3B0BEC361F87F09900864F5D;
			productRefGroup = 3B0BEC401F87F09900864F5D /* Products */;
			projectDirPath = "";
			projectRoot = "";
			targets = (
				3B0BEC3E1F87F09900864F5D /* Project 7 */,
			);
		};
/* End PBXProject section */

/* Begin PBXResourcesBuildPhase section */
		3B0BEC3D1F87F09900864F5D /* Resources */ = {
			isa = PBXResourcesBuildPhase;
			buildActionMask = 2147483647;
			files = (
				3B0BEC4D1F87F09900864F5D /* LaunchScreen.storyboard in Resources */,
				3B0BEC4A1F87F09900864F5D /* Assets.xcassets in Resources */,
				3B0BEC481F87F09900864F5D /* Main.storyboard in Resources */,
			);
			runOnlyForDeploymentPostprocessing = 0;
		};
/* End PBXResourcesBuildPhase section */

/* Begin PBXSourcesBuildPhase section */
		3B0BEC3B1F87F09900864F5D /* Sources */ = {
			isa = PBXSourcesBuildPhase;
			buildActionMask = 2147483647;
			files = (
				3B0BEC451F87F09900864F5D /* ViewController.swift in Sources */,
				3B0BEC431F87F09900864F5D /* AppDelegate.swift in Sources */,
				3B0BEC5D1F87FFF500864F5D /* DetailViewController.swift in Sources */,
				3B0BEC571F87F2BC00864F5D /* Constants.swift in Sources */,
				3B0BEC5B1F87FC0C00864F5D /* SwiftyJSON.swift in Sources */,
			);
			runOnlyForDeploymentPostprocessing = 0;
		};
/* End PBXSourcesBuildPhase section */

/* Begin PBXVariantGroup section */
		3B0BEC461F87F09900864F5D /* Main.storyboard */ = {
			isa = PBXVariantGroup;
			children = (
				3B0BEC471F87F09900864F5D /* Base */,
			);
			name = Main.storyboard;
			sourceTree = "<group>";
		};
		3B0BEC4B1F87F09900864F5D /* LaunchScreen.storyboard */ = {
			isa = PBXVariantGroup;
			children = (
				3B0BEC4C1F87F09900864F5D /* Base */,
			);
			name = LaunchScreen.storyboard;
			sourceTree = "<group>";
		};
/* End PBXVariantGroup section */

/* Begin XCBuildConfiguration section */
		3B0BEC4F1F87F09900864F5D /* Debug */ = {
			isa = XCBuildConfiguration;
			buildSettings = {
				ALWAYS_SEARCH_USER_PATHS = NO;
				CLANG_ANALYZER_NONNULL = YES;
				CLANG_ANALYZER_NUMBER_OBJECT_CONVERSION = YES_AGGRESSIVE;
				CLANG_CXX_LANGUAGE_STANDARD = "gnu++14";
				CLANG_CXX_LIBRARY = "libc++";
				CLANG_ENABLE_MODULES = YES;
				CLANG_ENABLE_OBJC_ARC = YES;
				CLANG_WARN_BLOCK_CAPTURE_AUTORELEASING = YES;
				CLANG_WARN_BOOL_CONVERSION = YES;
				CLANG_WARN_COMMA = YES;
				CLANG_WARN_CONSTANT_CONVERSION = YES;
				CLANG_WARN_DIRECT_OBJC_ISA_USAGE = YES_ERROR;
				CLANG_WARN_DOCUMENTATION_COMMENTS = YES;
				CLANG_WARN_EMPTY_BODY = YES;
				CLANG_WARN_ENUM_CONVERSION = YES;
				CLANG_WARN_INFINITE_RECURSION = YES;
				CLANG_WARN_INT_CONVERSION = YES;
				CLANG_WARN_NON_LITERAL_NULL_CONVERSION = YES;
				CLANG_WARN_OBJC_LITERAL_CONVERSION = YES;
				CLANG_WARN_OBJC_ROOT_CLASS = YES_ERROR;
				CLANG_WARN_RANGE_LOOP_ANALYSIS = YES;
				CLANG_WARN_STRICT_PROTOTYPES = YES;
				CLANG_WARN_SUSPICIOUS_MOVE = YES;
				CLANG_WARN_UNGUARDED_AVAILABILITY = YES_AGGRESSIVE;
				CLANG_WARN_UNREACHABLE_CODE = YES;
				CLANG_WARN__DUPLICATE_METHOD_MATCH = YES;
				CODE_SIGN_IDENTITY = "iPhone Developer";
				COPY_PHASE_STRIP = NO;
				DEBUG_INFORMATION_FORMAT = dwarf;
				ENABLE_STRICT_OBJC_MSGSEND = YES;
				ENABLE_TESTABILITY = YES;
				GCC_C_LANGUAGE_STANDARD = gnu11;
				GCC_DYNAMIC_NO_PIC = NO;
				GCC_NO_COMMON_BLOCKS = YES;
				GCC_OPTIMIZATION_LEVEL = 0;
				GCC_PREPROCESSOR_DEFINITIONS = (
					"DEBUG=1",
					"$(inherited)",
				);
				GCC_WARN_64_TO_32_BIT_CONVERSION = YES;
				GCC_WARN_ABOUT_RETURN_TYPE = YES_ERROR;
				GCC_WARN_UNDECLARED_SELECTOR = YES;
				GCC_WARN_UNINITIALIZED_AUTOS = YES_AGGRESSIVE;
				GCC_WARN_UNUSED_FUNCTION = YES;
				GCC_WARN_UNUSED_VARIABLE = YES;
				IPHONEOS_DEPLOYMENT_TARGET = 11.0;
				MTL_ENABLE_DEBUG_INFO = YES;
				ONLY_ACTIVE_ARCH = YES;
				SDKROOT = iphoneos;
				SWIFT_ACTIVE_COMPILATION_CONDITIONS = DEBUG;
				SWIFT_OPTIMIZATION_LEVEL = "-Onone";
			};
			name = Debug;
		};
		3B0BEC501F87F09900864F5D /* Release */ = {
			isa = XCBuildConfiguration;
			buildSettings = {
				ALWAYS_SEARCH_USER_PATHS = NO;
				CLANG_ANALYZER_NONNULL = YES;
				CLANG_ANALYZER_NUMBER_OBJECT_CONVERSION = YES_AGGRESSIVE;
				CLANG_CXX_LANGUAGE_STANDARD = "gnu++14";
				CLANG_CXX_LIBRARY = "libc++";
				CLANG_ENABLE_MODULES = YES;
				CLANG_ENABLE_OBJC_ARC = YES;
				CLANG_WARN_BLOCK_CAPTURE_AUTORELEASING = YES;
				CLANG_WARN_BOOL_CONVERSION = YES;
				CLANG_WARN_COMMA = YES;
				CLANG_WARN_CONSTANT_CONVERSION = YES;
				CLANG_WARN_DIRECT_OBJC_ISA_USAGE = YES_ERROR;
				CLANG_WARN_DOCUMENTATION_COMMENTS = YES;
				CLANG_WARN_EMPTY_BODY = YES;
				CLANG_WARN_ENUM_CONVERSION = YES;
				CLANG_WARN_INFINITE_RECURSION = YES;
				CLANG_WARN_INT_CONVERSION = YES;
				CLANG_WARN_NON_LITERAL_NULL_CONVERSION = YES;
				CLANG_WARN_OBJC_LITERAL_CONVERSION = YES;
				CLANG_WARN_OBJC_ROOT_CLASS = YES_ERROR;
				CLANG_WARN_RANGE_LOOP_ANALYSIS = YES;
				CLANG_WARN_STRICT_PROTOTYPES = YES;
				CLANG_WARN_SUSPICIOUS_MOVE = YES;
				CLANG_WARN_UNGUARDED_AVAILABILITY = YES_AGGRESSIVE;
				CLANG_WARN_UNREACHABLE_CODE = YES;
				CLANG_WARN__DUPLICATE_METHOD_MATCH = YES;
				CODE_SIGN_IDENTITY = "iPhone Developer";
				COPY_PHASE_STRIP = NO;
				DEBUG_INFORMATION_FORMAT = "dwarf-with-dsym";
				ENABLE_NS_ASSERTIONS = NO;
				ENABLE_STRICT_OBJC_MSGSEND = YES;
				GCC_C_LANGUAGE_STANDARD = gnu11;
				GCC_NO_COMMON_BLOCKS = YES;
				GCC_WARN_64_TO_32_BIT_CONVERSION = YES;
				GCC_WARN_ABOUT_RETURN_TYPE = YES_ERROR;
				GCC_WARN_UNDECLARED_SELECTOR = YES;
				GCC_WARN_UNINITIALIZED_AUTOS = YES_AGGRESSIVE;
				GCC_WARN_UNUSED_FUNCTION = YES;
				GCC_WARN_UNUSED_VARIABLE = YES;
				IPHONEOS_DEPLOYMENT_TARGET = 11.0;
				MTL_ENABLE_DEBUG_INFO = NO;
				SDKROOT = iphoneos;
				SWIFT_OPTIMIZATION_LEVEL = "-Owholemodule";
				VALIDATE_PRODUCT = YES;
			};
			name = Release;
		};
		3B0BEC521F87F09900864F5D /* Debug */ = {
			isa = XCBuildConfiguration;
			buildSettings = {
				ASSETCATALOG_COMPILER_APPICON_NAME = AppIcon;
				CODE_SIGN_STYLE = Automatic;
				DEVELOPMENT_TEAM = CRH88435JN;
				INFOPLIST_FILE = "Project 7/Info.plist";
				LD_RUNPATH_SEARCH_PATHS = "$(inherited) @executable_path/Frameworks";
				PRODUCT_BUNDLE_IDENTIFIER = "rocoSoft.Project-7";
				PRODUCT_NAME = "$(TARGET_NAME)";
				SWIFT_VERSION = 4.0;
				TARGETED_DEVICE_FAMILY = "1,2";
			};
			name = Debug;
		};
		3B0BEC531F87F09900864F5D /* Release */ = {
			isa = XCBuildConfiguration;
			buildSettings = {
				ASSETCATALOG_COMPILER_APPICON_NAME = AppIcon;
				CODE_SIGN_STYLE = Automatic;
				DEVELOPMENT_TEAM = CRH88435JN;
				INFOPLIST_FILE = "Project 7/Info.plist";
				LD_RUNPATH_SEARCH_PATHS = "$(inherited) @executable_path/Frameworks";
				PRODUCT_BUNDLE_IDENTIFIER = "rocoSoft.Project-7";
				PRODUCT_NAME = "$(TARGET_NAME)";
				SWIFT_VERSION = 4.0;
				TARGETED_DEVICE_FAMILY = "1,2";
			};
			name = Release;
		};
/* End XCBuildConfiguration section */

/* Begin XCConfigurationList section */
		3B0BEC3A1F87F09900864F5D /* Build configuration list for PBXProject "Project 7" */ = {
			isa = XCConfigurationList;
			buildConfigurations = (
				3B0BEC4F1F87F09900864F5D /* Debug */,
				3B0BEC501F87F09900864F5D /* Release */,
			);
			defaultConfigurationIsVisible = 0;
			defaultConfigurationName = Release;
		};
		3B0BEC511F87F09900864F5D /* Build configuration list for PBXNativeTarget "Project 7" */ = {
			isa = XCConfigurationList;
			buildConfigurations = (
				3B0BEC521F87F09900864F5D /* Debug */,
				3B0BEC531F87F09900864F5D /* Release */,
			);
			defaultConfigurationIsVisible = 0;
			defaultConfigurationName = Release;
		};
/* End XCConfigurationList section */
	};
	rootObject = 3B0BEC371F87F09900864F5D /* Project object */;
}
